// !$*UTF8*$!
{
	archiveVersion = 1;
	classes = {
	};
	objectVersion = 56;
	objects = {

/* Begin PBXBuildFile section */
		140E97B929DA75E0008D9F5B /* QuestionsView.swift in Sources */ = {isa = PBXBuildFile; fileRef = 140E97B829DA75E0008D9F5B /* QuestionsView.swift */; };
		14512EA029DA6D75004F5BF5 /* KobunQuizApp.swift in Sources */ = {isa = PBXBuildFile; fileRef = 14512E9F29DA6D75004F5BF5 /* KobunQuizApp.swift */; };
		14512EA229DA6D75004F5BF5 /* ContentView.swift in Sources */ = {isa = PBXBuildFile; fileRef = 14512EA129DA6D75004F5BF5 /* ContentView.swift */; };
		14512EA429DA6D78004F5BF5 /* Assets.xcassets in Resources */ = {isa = PBXBuildFile; fileRef = 14512EA329DA6D78004F5BF5 /* Assets.xcassets */; };
		14512EA729DA6D78004F5BF5 /* Preview Assets.xcassets in Resources */ = {isa = PBXBuildFile; fileRef = 14512EA629DA6D78004F5BF5 /* Preview Assets.xcassets */; };
		14512EAE29DA702A004F5BF5 /* Question.swift in Sources */ = {isa = PBXBuildFile; fileRef = 14512EAD29DA702A004F5BF5 /* Question.swift */; };
		149E321B29E0543500D52D1A /* question.json in Resources */ = {isa = PBXBuildFile; fileRef = 140E97B629DA74AA008D9F5B /* question.json */; };
		149E321E29E0647600D52D1A /* HintView.swift in Sources */ = {isa = PBXBuildFile; fileRef = 149E321D29E0647600D52D1A /* HintView.swift */; };
		149E322029E0653A00D52D1A /* CorrectView.swift in Sources */ = {isa = PBXBuildFile; fileRef = 149E321F29E0653A00D52D1A /* CorrectView.swift */; };
		14A0F2B429DCEEE9005C47C6 /* HomeView.swift in Sources */ = {isa = PBXBuildFile; fileRef = 14A0F2B329DCEEE9005C47C6 /* HomeView.swift */; };
		14A0F2B629DCF1D6005C47C6 /* TextUpRightView.swift in Sources */ = {isa = PBXBuildFile; fileRef = 14A0F2B529DCF1D6005C47C6 /* TextUpRightView.swift */; };
		14A0F2B829DCF73D005C47C6 /* TestContentView.swift in Sources */ = {isa = PBXBuildFile; fileRef = 14A0F2B729DCF73D005C47C6 /* TestContentView.swift */; };
/* End PBXBuildFile section */

/* Begin PBXFileReference section */
		140E97B629DA74AA008D9F5B /* question.json */ = {isa = PBXFileReference; lastKnownFileType = text.json; path = question.json; sourceTree = "<group>"; };
		140E97B829DA75E0008D9F5B /* QuestionsView.swift */ = {isa = PBXFileReference; lastKnownFileType = sourcecode.swift; path = QuestionsView.swift; sourceTree = "<group>"; };
		14512E9C29DA6D75004F5BF5 /* KobunQuiz.app */ = {isa = PBXFileReference; explicitFileType = wrapper.application; includeInIndex = 0; path = KobunQuiz.app; sourceTree = BUILT_PRODUCTS_DIR; };
		14512E9F29DA6D75004F5BF5 /* KobunQuizApp.swift */ = {isa = PBXFileReference; lastKnownFileType = sourcecode.swift; path = KobunQuizApp.swift; sourceTree = "<group>"; };
		14512EA129DA6D75004F5BF5 /* ContentView.swift */ = {isa = PBXFileReference; lastKnownFileType = sourcecode.swift; path = ContentView.swift; sourceTree = "<group>"; };
		14512EA329DA6D78004F5BF5 /* Assets.xcassets */ = {isa = PBXFileReference; lastKnownFileType = folder.assetcatalog; path = Assets.xcassets; sourceTree = "<group>"; };
		14512EA629DA6D78004F5BF5 /* Preview Assets.xcassets */ = {isa = PBXFileReference; lastKnownFileType = folder.assetcatalog; path = "Preview Assets.xcassets"; sourceTree = "<group>"; };
		14512EAD29DA702A004F5BF5 /* Question.swift */ = {isa = PBXFileReference; lastKnownFileType = sourcecode.swift; path = Question.swift; sourceTree = "<group>"; };
		149E321D29E0647600D52D1A /* HintView.swift */ = {isa = PBXFileReference; lastKnownFileType = sourcecode.swift; path = HintView.swift; sourceTree = "<group>"; };
		149E321F29E0653A00D52D1A /* CorrectView.swift */ = {isa = PBXFileReference; lastKnownFileType = sourcecode.swift; path = CorrectView.swift; sourceTree = "<group>"; };
		14A0F2B329DCEEE9005C47C6 /* HomeView.swift */ = {isa = PBXFileReference; lastKnownFileType = sourcecode.swift; path = HomeView.swift; sourceTree = "<group>"; };
		14A0F2B529DCF1D6005C47C6 /* TextUpRightView.swift */ = {isa = PBXFileReference; lastKnownFileType = sourcecode.swift; path = TextUpRightView.swift; sourceTree = "<group>"; };
		14A0F2B729DCF73D005C47C6 /* TestContentView.swift */ = {isa = PBXFileReference; lastKnownFileType = sourcecode.swift; path = TestContentView.swift; sourceTree = "<group>"; };
/* End PBXFileReference section */

/* Begin PBXFrameworksBuildPhase section */
		14512E9929DA6D75004F5BF5 /* Frameworks */ = {
			isa = PBXFrameworksBuildPhase;
			buildActionMask = 2147483647;
			files = (
			);
			runOnlyForDeploymentPostprocessing = 0;
		};
/* End PBXFrameworksBuildPhase section */

/* Begin PBXGroup section */
		140E97B729DA74D1008D9F5B /* View */ = {
			isa = PBXGroup;
			children = (
				14512EA129DA6D75004F5BF5 /* ContentView.swift */,
				140E97B829DA75E0008D9F5B /* QuestionsView.swift */,
				149E321F29E0653A00D52D1A /* CorrectView.swift */,
				149E321D29E0647600D52D1A /* HintView.swift */,
				14A0F2B329DCEEE9005C47C6 /* HomeView.swift */,
				14A0F2B529DCF1D6005C47C6 /* TextUpRightView.swift */,
				14A0F2B729DCF73D005C47C6 /* TestContentView.swift */,
			);
			path = View;
			sourceTree = "<group>";
		};
		14512E9329DA6D75004F5BF5 = {
			isa = PBXGroup;
			children = (
				14512E9E29DA6D75004F5BF5 /* KobunQuiz */,
				14512E9D29DA6D75004F5BF5 /* Products */,
			);
			sourceTree = "<group>";
		};
		14512E9D29DA6D75004F5BF5 /* Products */ = {
			isa = PBXGroup;
			children = (
				14512E9C29DA6D75004F5BF5 /* KobunQuiz.app */,
			);
			name = Products;
			sourceTree = "<group>";
		};
		14512E9E29DA6D75004F5BF5 /* KobunQuiz */ = {
			isa = PBXGroup;
			children = (
				140E97B629DA74AA008D9F5B /* question.json */,
				140E97B729DA74D1008D9F5B /* View */,
				14512EAF29DA7032004F5BF5 /* Model */,
				14512E9F29DA6D75004F5BF5 /* KobunQuizApp.swift */,
				14512EA329DA6D78004F5BF5 /* Assets.xcassets */,
				14512EA529DA6D78004F5BF5 /* Preview Content */,
			);
			path = KobunQuiz;
			sourceTree = "<group>";
		};
		14512EA529DA6D78004F5BF5 /* Preview Content */ = {
			isa = PBXGroup;
			children = (
				14512EA629DA6D78004F5BF5 /* Preview Assets.xcassets */,
			);
			path = "Preview Content";
			sourceTree = "<group>";
		};
		14512EAF29DA7032004F5BF5 /* Model */ = {
			isa = PBXGroup;
			children = (
				14512EAD29DA702A004F5BF5 /* Question.swift */,
			);
			path = Model;
			sourceTree = "<group>";
		};
/* End PBXGroup section */

/* Begin PBXNativeTarget section */
		14512E9B29DA6D75004F5BF5 /* KobunQuiz */ = {
			isa = PBXNativeTarget;
			buildConfigurationList = 14512EAA29DA6D78004F5BF5 /* Build configuration list for PBXNativeTarget "KobunQuiz" */;
			buildPhases = (
				14512E9829DA6D75004F5BF5 /* Sources */,
				14512E9929DA6D75004F5BF5 /* Frameworks */,
				14512E9A29DA6D75004F5BF5 /* Resources */,
			);
			buildRules = (
			);
			dependencies = (
			);
			name = KobunQuiz;
			productName = KobunQuiz;
			productReference = 14512E9C29DA6D75004F5BF5 /* KobunQuiz.app */;
			productType = "com.apple.product-type.application";
		};
/* End PBXNativeTarget section */

/* Begin PBXProject section */
		14512E9429DA6D75004F5BF5 /* Project object */ = {
			isa = PBXProject;
			attributes = {
				BuildIndependentTargetsInParallel = 1;
				LastSwiftUpdateCheck = 1430;
				LastUpgradeCheck = 1430;
				TargetAttributes = {
					14512E9B29DA6D75004F5BF5 = {
						CreatedOnToolsVersion = 14.3;
					};
				};
			};
			buildConfigurationList = 14512E9729DA6D75004F5BF5 /* Build configuration list for PBXProject "KobunQuiz" */;
			compatibilityVersion = "Xcode 14.0";
			developmentRegion = en;
			hasScannedForEncodings = 0;
			knownRegions = (
				en,
				Base,
			);
			mainGroup = 14512E9329DA6D75004F5BF5;
			productRefGroup = 14512E9D29DA6D75004F5BF5 /* Products */;
			projectDirPath = "";
			projectRoot = "";
			targets = (
				14512E9B29DA6D75004F5BF5 /* KobunQuiz */,
			);
		};
/* End PBXProject section */

/* Begin PBXResourcesBuildPhase section */
		14512E9A29DA6D75004F5BF5 /* Resources */ = {
			isa = PBXResourcesBuildPhase;
			buildActionMask = 2147483647;
			files = (
				14512EA729DA6D78004F5BF5 /* Preview Assets.xcassets in Resources */,
				149E321B29E0543500D52D1A /* question.json in Resources */,
				14512EA429DA6D78004F5BF5 /* Assets.xcassets in Resources */,
			);
			runOnlyForDeploymentPostprocessing = 0;
		};
/* End PBXResourcesBuildPhase section */

/* Begin PBXSourcesBuildPhase section */
		14512E9829DA6D75004F5BF5 /* Sources */ = {
			isa = PBXSourcesBuildPhase;
			buildActionMask = 2147483647;
			files = (
				140E97B929DA75E0008D9F5B /* QuestionsView.swift in Sources */,
				14512EAE29DA702A004F5BF5 /* Question.swift in Sources */,
				14512EA229DA6D75004F5BF5 /* ContentView.swift in Sources */,
				14A0F2B429DCEEE9005C47C6 /* HomeView.swift in Sources */,
				14512EA029DA6D75004F5BF5 /* KobunQuizApp.swift in Sources */,
				14A0F2B629DCF1D6005C47C6 /* TextUpRightView.swift in Sources */,
				14A0F2B829DCF73D005C47C6 /* TestContentView.swift in Sources */,
				149E322029E0653A00D52D1A /* CorrectView.swift in Sources */,
				149E321E29E0647600D52D1A /* HintView.swift in Sources */,
			);
			runOnlyForDeploymentPostprocessing = 0;
		};
/* End PBXSourcesBuildPhase section */

/* Begin XCBuildConfiguration section */
		14512EA829DA6D78004F5BF5 /* Debug */ = {
			isa = XCBuildConfiguration;
			buildSettings = {
				ALWAYS_SEARCH_USER_PATHS = NO;
				CLANG_ANALYZER_NONNULL = YES;
				CLANG_ANALYZER_NUMBER_OBJECT_CONVERSION = YES_AGGRESSIVE;
				CLANG_CXX_LANGUAGE_STANDARD = "gnu++20";
				CLANG_ENABLE_MODULES = YES;
				CLANG_ENABLE_OBJC_ARC = YES;
				CLANG_ENABLE_OBJC_WEAK = YES;
				CLANG_WARN_BLOCK_CAPTURE_AUTORELEASING = YES;
				CLANG_WARN_BOOL_CONVERSION = YES;
				CLANG_WARN_COMMA = YES;
				CLANG_WARN_CONSTANT_CONVERSION = YES;
				CLANG_WARN_DEPRECATED_OBJC_IMPLEMENTATIONS = YES;
				CLANG_WARN_DIRECT_OBJC_ISA_USAGE = YES_ERROR;
				CLANG_WARN_DOCUMENTATION_COMMENTS = YES;
				CLANG_WARN_EMPTY_BODY = YES;
				CLANG_WARN_ENUM_CONVERSION = YES;
				CLANG_WARN_INFINITE_RECURSION = YES;
				CLANG_WARN_INT_CONVERSION = YES;
				CLANG_WARN_NON_LITERAL_NULL_CONVERSION = YES;
				CLANG_WARN_OBJC_IMPLICIT_RETAIN_SELF = YES;
				CLANG_WARN_OBJC_LITERAL_CONVERSION = YES;
				CLANG_WARN_OBJC_ROOT_CLASS = YES_ERROR;
				CLANG_WARN_QUOTED_INCLUDE_IN_FRAMEWORK_HEADER = YES;
				CLANG_WARN_RANGE_LOOP_ANALYSIS = YES;
				CLANG_WARN_STRICT_PROTOTYPES = YES;
				CLANG_WARN_SUSPICIOUS_MOVE = YES;
				CLANG_WARN_UNGUARDED_AVAILABILITY = YES_AGGRESSIVE;
				CLANG_WARN_UNREACHABLE_CODE = YES;
				CLANG_WARN__DUPLICATE_METHOD_MATCH = YES;
				COPY_PHASE_STRIP = NO;
				DEBUG_INFORMATION_FORMAT = dwarf;
				ENABLE_STRICT_OBJC_MSGSEND = YES;
				ENABLE_TESTABILITY = YES;
				GCC_C_LANGUAGE_STANDARD = gnu11;
				GCC_DYNAMIC_NO_PIC = NO;
				GCC_NO_COMMON_BLOCKS = YES;
				GCC_OPTIMIZATION_LEVEL = 0;
				GCC_PREPROCESSOR_DEFINITIONS = (
					"DEBUG=1",
					"$(inherited)",
				);
				GCC_WARN_64_TO_32_BIT_CONVERSION = YES;
				GCC_WARN_ABOUT_RETURN_TYPE = YES_ERROR;
				GCC_WARN_UNDECLARED_SELECTOR = YES;
				GCC_WARN_UNINITIALIZED_AUTOS = YES_AGGRESSIVE;
				GCC_WARN_UNUSED_FUNCTION = YES;
				GCC_WARN_UNUSED_VARIABLE = YES;
				IPHONEOS_DEPLOYMENT_TARGET = 16.4;
				MTL_ENABLE_DEBUG_INFO = INCLUDE_SOURCE;
				MTL_FAST_MATH = YES;
				ONLY_ACTIVE_ARCH = YES;
				SDKROOT = iphoneos;
				SWIFT_ACTIVE_COMPILATION_CONDITIONS = DEBUG;
				SWIFT_OPTIMIZATION_LEVEL = "-Onone";
			};
			name = Debug;
		};
		14512EA929DA6D78004F5BF5 /* Release */ = {
			isa = XCBuildConfiguration;
			buildSettings = {
				ALWAYS_SEARCH_USER_PATHS = NO;
				CLANG_ANALYZER_NONNULL = YES;
				CLANG_ANALYZER_NUMBER_OBJECT_CONVERSION = YES_AGGRESSIVE;
				CLANG_CXX_LANGUAGE_STANDARD = "gnu++20";
				CLANG_ENABLE_MODULES = YES;
				CLANG_ENABLE_OBJC_ARC = YES;
				CLANG_ENABLE_OBJC_WEAK = YES;
				CLANG_WARN_BLOCK_CAPTURE_AUTORELEASING = YES;
				CLANG_WARN_BOOL_CONVERSION = YES;
				CLANG_WARN_COMMA = YES;
				CLANG_WARN_CONSTANT_CONVERSION = YES;
				CLANG_WARN_DEPRECATED_OBJC_IMPLEMENTATIONS = YES;
				CLANG_WARN_DIRECT_OBJC_ISA_USAGE = YES_ERROR;
				CLANG_WARN_DOCUMENTATION_COMMENTS = YES;
				CLANG_WARN_EMPTY_BODY = YES;
				CLANG_WARN_ENUM_CONVERSION = YES;
				CLANG_WARN_INFINITE_RECURSION = YES;
				CLANG_WARN_INT_CONVERSION = YES;
				CLANG_WARN_NON_LITERAL_NULL_CONVERSION = YES;
				CLANG_WARN_OBJC_IMPLICIT_RETAIN_SELF = YES;
				CLANG_WARN_OBJC_LITERAL_CONVERSION = YES;
				CLANG_WARN_OBJC_ROOT_CLASS = YES_ERROR;
				CLANG_WARN_QUOTED_INCLUDE_IN_FRAMEWORK_HEADER = YES;
				CLANG_WARN_RANGE_LOOP_ANALYSIS = YES;
				CLANG_WARN_STRICT_PROTOTYPES = YES;
				CLANG_WARN_SUSPICIOUS_MOVE = YES;
				CLANG_WARN_UNGUARDED_AVAILABILITY = YES_AGGRESSIVE;
				CLANG_WARN_UNREACHABLE_CODE = YES;
				CLANG_WARN__DUPLICATE_METHOD_MATCH = YES;
				COPY_PHASE_STRIP = NO;
				DEBUG_INFORMATION_FORMAT = "dwarf-with-dsym";
				ENABLE_NS_ASSERTIONS = NO;
				ENABLE_STRICT_OBJC_MSGSEND = YES;
				GCC_C_LANGUAGE_STANDARD = gnu11;
				GCC_NO_COMMON_BLOCKS = YES;
				GCC_WARN_64_TO_32_BIT_CONVERSION = YES;
				GCC_WARN_ABOUT_RETURN_TYPE = YES_ERROR;
				GCC_WARN_UNDECLARED_SELECTOR = YES;
				GCC_WARN_UNINITIALIZED_AUTOS = YES_AGGRESSIVE;
				GCC_WARN_UNUSED_FUNCTION = YES;
				GCC_WARN_UNUSED_VARIABLE = YES;
				IPHONEOS_DEPLOYMENT_TARGET = 16.4;
				MTL_ENABLE_DEBUG_INFO = NO;
				MTL_FAST_MATH = YES;
				SDKROOT = iphoneos;
				SWIFT_COMPILATION_MODE = wholemodule;
				SWIFT_OPTIMIZATION_LEVEL = "-O";
				VALIDATE_PRODUCT = YES;
			};
			name = Release;
		};
		14512EAB29DA6D78004F5BF5 /* Debug */ = {
			isa = XCBuildConfiguration;
			buildSettings = {
				ASSETCATALOG_COMPILER_APPICON_NAME = AppIcon;
				ASSETCATALOG_COMPILER_GLOBAL_ACCENT_COLOR_NAME = AccentColor;
				CODE_SIGN_STYLE = Automatic;
				CURRENT_PROJECT_VERSION = 1;
				DEVELOPMENT_ASSET_PATHS = "\"KobunQuiz/Preview Content\"";
				DEVELOPMENT_TEAM = XT522XX64M;
				ENABLE_PREVIEWS = YES;
				GENERATE_INFOPLIST_FILE = YES;
				INFOPLIST_KEY_UIApplicationSceneManifest_Generation = YES;
				INFOPLIST_KEY_UIApplicationSupportsIndirectInputEvents = YES;
				INFOPLIST_KEY_UILaunchScreen_Generation = YES;
				INFOPLIST_KEY_UISupportedInterfaceOrientations_iPad = "UIInterfaceOrientationPortrait UIInterfaceOrientationPortraitUpsideDown UIInterfaceOrientationLandscapeLeft UIInterfaceOrientationLandscapeRight";
				INFOPLIST_KEY_UISupportedInterfaceOrientations_iPhone = "UIInterfaceOrientationPortrait UIInterfaceOrientationLandscapeLeft UIInterfaceOrientationLandscapeRight";
				LD_RUNPATH_SEARCH_PATHS = (
					"$(inherited)",
					"@executable_path/Frameworks",
				);
				MARKETING_VERSION = 1.0;
				PRODUCT_BUNDLE_IDENTIFIER = co.take.KobunQuiz;
				PRODUCT_NAME = "$(TARGET_NAME)";
				SWIFT_EMIT_LOC_STRINGS = YES;
				SWIFT_VERSION = 5.0;
				TARGETED_DEVICE_FAMILY = "1,2";
			};
			name = Debug;
		};
		14512EAC29DA6D78004F5BF5 /* Release */ = {
			isa = XCBuildConfiguration;
			buildSettings = {
				ASSETCATALOG_COMPILER_APPICON_NAME = AppIcon;
				ASSETCATALOG_COMPILER_GLOBAL_ACCENT_COLOR_NAME = AccentColor;
				CODE_SIGN_STYLE = Automatic;
				CURRENT_PROJECT_VERSION = 1;
				DEVELOPMENT_ASSET_PATHS = "\"KobunQuiz/Preview Content\"";
				DEVELOPMENT_TEAM = XT522XX64M;
				ENABLE_PREVIEWS = YES;
				GENERATE_INFOPLIST_FILE = YES;
				INFOPLIST_KEY_UIApplicationSceneManifest_Generation = YES;
				INFOPLIST_KEY_UIApplicationSupportsIndirectInputEvents = YES;
				INFOPLIST_KEY_UILaunchScreen_Generation = YES;
				INFOPLIST_KEY_UISupportedInterfaceOrientations_iPad = "UIInterfaceOrientationPortrait UIInterfaceOrientationPortraitUpsideDown UIInterfaceOrientationLandscapeLeft UIInterfaceOrientationLandscapeRight";
				INFOPLIST_KEY_UISupportedInterfaceOrientations_iPhone = "UIInterfaceOrientationPortrait UIInterfaceOrientationLandscapeLeft UIInterfaceOrientationLandscapeRight";
				LD_RUNPATH_SEARCH_PATHS = (
					"$(inherited)",
					"@executable_path/Frameworks",
				);
				MARKETING_VERSION = 1.0;
				PRODUCT_BUNDLE_IDENTIFIER = co.take.KobunQuiz;
				PRODUCT_NAME = "$(TARGET_NAME)";
				SWIFT_EMIT_LOC_STRINGS = YES;
				SWIFT_VERSION = 5.0;
				TARGETED_DEVICE_FAMILY = "1,2";
			};
			name = Release;
		};
/* End XCBuildConfiguration section */

/* Begin XCConfigurationList section */
		14512E9729DA6D75004F5BF5 /* Build configuration list for PBXProject "KobunQuiz" */ = {
			isa = XCConfigurationList;
			buildConfigurations = (
				14512EA829DA6D78004F5BF5 /* Debug */,
				14512EA929DA6D78004F5BF5 /* Release */,
			);
			defaultConfigurationIsVisible = 0;
			defaultConfigurationName = Release;
		};
		14512EAA29DA6D78004F5BF5 /* Build configuration list for PBXNativeTarget "KobunQuiz" */ = {
			isa = XCConfigurationList;
			buildConfigurations = (
				14512EAB29DA6D78004F5BF5 /* Debug */,
				14512EAC29DA6D78004F5BF5 /* Release */,
			);
			defaultConfigurationIsVisible = 0;
			defaultConfigurationName = Release;
		};
/* End XCConfigurationList section */
	};
	rootObject = 14512E9429DA6D75004F5BF5 /* Project object */;
}
